
Microsoft Visual Studio Solution File, Format Version 12.00
# Visual Studio Express 2012 for Windows Desktop
Project("{FAE04EC0-301F-11D3-BF4B-00C04F79EFBC}") = "TrafficGame4", "TrafficGame4\TrafficGame4.csproj", "{BD127AD7-5772-40C9-BBD8-B726E8AB63E1}"
EndProject
Global
	GlobalSection(SolutionConfigurationPlatforms) = preSolution
		Debug|Any CPU = Debug|Any CPU
		Release|Any CPU = Release|Any CPU
	EndGlobalSection
	GlobalSection(ProjectConfigurationPlatforms) = postSolution
		{BD127AD7-5772-40C9-BBD8-B726E8AB63E1}.Debug|Any CPU.ActiveCfg = Debug|Any CPU
		{BD127AD7-5772-40C9-BBD8-B726E8AB63E1}.Debug|Any CPU.Build.0 = Debug|Any CPU
		{BD127AD7-5772-40C9-BBD8-B726E8AB63E1}.Release|Any CPU.ActiveCfg = Release|Any CPU
		{BD127AD7-5772-40C9-BBD8-B726E8AB63E1}.Release|Any CPU.Build.0 = Release|Any CPU
	EndGlobalSection
	GlobalSection(SolutionProperties) = preSolution
		HideSolutionNode = FALSE
	EndGlobalSection
EndGlobal
